# This file is automatically @generated by Cargo.
# It is not intended for manual editing.
version = 4

[[package]]
name = "uwb-protocol"
version = "0.1.0"

[[patch.unused]]
name = "cyw43"
version = "0.5.0"
source = "git+https://github.com/ariel-os/embassy?rev=603583d9#603583d94cb7ba14b3a6bbb84c8c5fea8bffea0d"

[[patch.unused]]
name = "embassy-hal-internal"
version = "0.3.0"
source = "git+https://github.com/ariel-os/embassy?rev=0feffeb3c90748112a64c6570a39e1251311accb#0feffeb3c90748112a64c6570a39e1251311accb"

[[patch.unused]]
name = "embassy-net"
version = "0.9.1"
source = "git+https://github.com/ariel-os/embassy?rev=37683fe299f12028e5a77af9f742f496da08afcd#37683fe299f12028e5a77af9f742f496da08afcd"

[[patch.unused]]
name = "embassy-nrf"
version = "0.8.0"
source = "git+https://github.com/ariel-os/embassy?rev=3940a79a29ae578a35625cae949bea473abf21d1#3940a79a29ae578a35625cae949bea473abf21d1"

[[patch.unused]]
name = "embassy-rp"
version = "0.8.0"
source = "git+https://github.com/ariel-os/embassy?rev=0314802282e112a47b4ccb303c0e7f09cf33df53#0314802282e112a47b4ccb303c0e7f09cf33df53"

[[patch.unused]]
name = "embassy-stm32"
version = "0.4.0"
source = "git+https://github.com/ariel-os/embassy?rev=1b75c3d6e61a99a312e2d12f039fa6e76e9c3a9c#1b75c3d6e61a99a312e2d12f039fa6e76e9c3a9c"

[[patch.unused]]
name = "embassy-time"
version = "0.5.1"
source = "git+https://github.com/ariel-os/embassy?rev=3c1b5fbf28237ea7144ae970c3aec11c38023c3f#3c1b5fbf28237ea7144ae970c3aec11c38023c3f"

[[patch.unused]]
name = "embassy-usb-synopsys-otg"
version = "0.3.1"
source = "git+https://github.com/ariel-os/embassy?rev=478df29985c8e0d0ff2e915440c8ca15e36f4403#478df29985c8e0d0ff2e915440c8ca15e36f4403"

[[patch.unused]]
name = "esp-alloc"
version = "0.9.0"
source = "git+https://github.com/ariel-os/esp-hal?rev=531c629afdd80ea464682ce7f4db8baed97967a6#531c629afdd80ea464682ce7f4db8baed97967a6"

[[patch.unused]]
name = "esp-bootloader-esp-idf"
version = "0.4.0"
source = "git+https://github.com/ariel-os/esp-hal?rev=531c629afdd80ea464682ce7f4db8baed97967a6#531c629afdd80ea464682ce7f4db8baed97967a6"

[[patch.unused]]
name = "esp-hal"
version = "1.0.0"
source = "git+https://github.com/ariel-os/esp-hal?rev=531c629afdd80ea464682ce7f4db8baed97967a6#531c629afdd80ea464682ce7f4db8baed97967a6"

[[patch.unused]]
name = "esp-metadata-generated"
version = "0.3.0"
source = "git+https://github.com/ariel-os/esp-hal?rev=531c629afdd80ea464682ce7f4db8baed97967a6#531c629afdd80ea464682ce7f4db8baed97967a6"

[[patch.unused]]
name = "esp-println"
version = "0.16.1"
source = "git+https://github.com/ariel-os/esp-hal?rev=531c629afdd80ea464682ce7f4db8baed97967a6#531c629afdd80ea464682ce7f4db8baed97967a6"

[[patch.unused]]
name = "esp-radio"
version = "0.17.0"
source = "git+https://github.com/ariel-os/esp-hal?rev=531c629afdd80ea464682ce7f4db8baed97967a6#531c629afdd80ea464682ce7f4db8baed97967a6"

[[patch.unused]]
name = "esp-radio-rtos-driver"
version = "0.2.0"
source = "git+https://github.com/ariel-os/esp-hal?rev=531c629afdd80ea464682ce7f4db8baed97967a6#531c629afdd80ea464682ce7f4db8baed97967a6"

[[patch.unused]]
name = "esp-rom-sys"
version = "0.1.3"
source = "git+https://github.com/ariel-os/esp-hal?rev=531c629afdd80ea464682ce7f4db8baed97967a6#531c629afdd80ea464682ce7f4db8baed97967a6"

[[patch.unused]]
name = "esp-sync"
version = "0.1.1"
source = "git+https://github.com/ariel-os/esp-hal?rev=531c629afdd80ea464682ce7f4db8baed97967a6#531c629afdd80ea464682ce7f4db8baed97967a6"

[[patch.unused]]
name = "xtensa-lx-rt"
version = "0.21.0"
source = "git+https://github.com/ariel-os/esp-hal?rev=531c629afdd80ea464682ce7f4db8baed97967a6#531c629afdd80ea464682ce7f4db8baed97967a6"
